// !$*UTF8*$!
{
	archiveVersion = 1;
	classes = {
	};
	objectVersion = 55;
	objects = {

/* Begin PBXBuildFile section */
		D9925DFE27ABE2D10054EEBC /* AppDelegate.swift in Sources */ = {isa = PBXBuildFile; fileRef = D9925DFD27ABE2D10054EEBC /* AppDelegate.swift */; };
		D9925E0027ABE2D10054EEBC /* SceneDelegate.swift in Sources */ = {isa = PBXBuildFile; fileRef = D9925DFF27ABE2D10054EEBC /* SceneDelegate.swift */; };
		D9925E0227ABE2D10054EEBC /* MainScreenViewController.swift in Sources */ = {isa = PBXBuildFile; fileRef = D9925E0127ABE2D10054EEBC /* MainScreenViewController.swift */; };
		D9925E0727ABE2D10054EEBC /* Assets.xcassets in Resources */ = {isa = PBXBuildFile; fileRef = D9925E0627ABE2D10054EEBC /* Assets.xcassets */; };
		D9925E0A27ABE2D10054EEBC /* LaunchScreen.storyboard in Resources */ = {isa = PBXBuildFile; fileRef = D9925E0827ABE2D10054EEBC /* LaunchScreen.storyboard */; };
		D9925E1227ABE39C0054EEBC /* MainScreen.swift in Sources */ = {isa = PBXBuildFile; fileRef = D9925E1127ABE39C0054EEBC /* MainScreen.swift */; };
		D9925E1427ABEB350054EEBC /* IphoneModelPicker ViewController.swift in Sources */ = {isa = PBXBuildFile; fileRef = D9925E1327ABEB350054EEBC /* IphoneModelPicker ViewController.swift */; };
		D9925E1627ABEC5E0054EEBC /* IphoneModelPickerDelegate.swift in Sources */ = {isa = PBXBuildFile; fileRef = D9925E1527ABEC5E0054EEBC /* IphoneModelPickerDelegate.swift */; };
		D9925E1A27ABF3870054EEBC /* IphoneModelPicker.swift in Sources */ = {isa = PBXBuildFile; fileRef = D9925E1927ABF3870054EEBC /* IphoneModelPicker.swift */; };
		D9925E1C27ABF66A0054EEBC /* IphoneModelPickerViewController + UIPickerVIewDataSource.swift in Sources */ = {isa = PBXBuildFile; fileRef = D9925E1B27ABF66A0054EEBC /* IphoneModelPickerViewController + UIPickerVIewDataSource.swift */; };
		D9925E1E27ABF6FA0054EEBC /* IphoneModelPickerViewController + UIPickerVIewDelegate.swift in Sources */ = {isa = PBXBuildFile; fileRef = D9925E1D27ABF6FA0054EEBC /* IphoneModelPickerViewController + UIPickerVIewDelegate.swift */; };
		D9925E2027ABF80E0054EEBC /* UserActionsDelegate.swift in Sources */ = {isa = PBXBuildFile; fileRef = D9925E1F27ABF80E0054EEBC /* UserActionsDelegate.swift */; };
		D9925E2627AC36C10054EEBC /* ContentView.swift in Sources */ = {isa = PBXBuildFile; fileRef = D9925E2527AC36C10054EEBC /* ContentView.swift */; };
		D9925E2827AC4CCC0054EEBC /* MainScreenContainerViewController.swift in Sources */ = {isa = PBXBuildFile; fileRef = D9925E2727AC4CCC0054EEBC /* MainScreenContainerViewController.swift */; };
		D9925E2A27AC52F90054EEBC /* MainScreenViewController + IphoneModelPickerDelegate.swift in Sources */ = {isa = PBXBuildFile; fileRef = D9925E2927AC52F90054EEBC /* MainScreenViewController + IphoneModelPickerDelegate.swift */; };
		D99AEC7F27ACEDF200BD978D /* ModelColor.swift in Sources */ = {isa = PBXBuildFile; fileRef = D99AEC7E27ACEDF200BD978D /* ModelColor.swift */; };
		D99AEC8127ACEEE900BD978D /* ModelName.swift in Sources */ = {isa = PBXBuildFile; fileRef = D99AEC8027ACEEE900BD978D /* ModelName.swift */; };
		D99AEC8727AD1B9100BD978D /* MainScreenContainerViewController + UserActionsDelegate.swift in Sources */ = {isa = PBXBuildFile; fileRef = D99AEC8627AD1B9100BD978D /* MainScreenContainerViewController + UserActionsDelegate.swift */; };
/* End PBXBuildFile section */

/* Begin PBXFileReference section */
		D9925DFA27ABE2D10054EEBC /* ChoosingAniPhoneModelApp.app */ = {isa = PBXFileReference; explicitFileType = wrapper.application; includeInIndex = 0; path = ChoosingAniPhoneModelApp.app; sourceTree = BUILT_PRODUCTS_DIR; };
		D9925DFD27ABE2D10054EEBC /* AppDelegate.swift */ = {isa = PBXFileReference; lastKnownFileType = sourcecode.swift; path = AppDelegate.swift; sourceTree = "<group>"; };
		D9925DFF27ABE2D10054EEBC /* SceneDelegate.swift */ = {isa = PBXFileReference; lastKnownFileType = sourcecode.swift; path = SceneDelegate.swift; sourceTree = "<group>"; };
		D9925E0127ABE2D10054EEBC /* MainScreenViewController.swift */ = {isa = PBXFileReference; lastKnownFileType = sourcecode.swift; path = MainScreenViewController.swift; sourceTree = "<group>"; };
		D9925E0627ABE2D10054EEBC /* Assets.xcassets */ = {isa = PBXFileReference; lastKnownFileType = folder.assetcatalog; path = Assets.xcassets; sourceTree = "<group>"; };
		D9925E0927ABE2D10054EEBC /* Base */ = {isa = PBXFileReference; lastKnownFileType = file.storyboard; name = Base; path = Base.lproj/LaunchScreen.storyboard; sourceTree = "<group>"; };
		D9925E0B27ABE2D10054EEBC /* Info.plist */ = {isa = PBXFileReference; lastKnownFileType = text.plist.xml; path = Info.plist; sourceTree = "<group>"; };
		D9925E1127ABE39C0054EEBC /* MainScreen.swift */ = {isa = PBXFileReference; lastKnownFileType = sourcecode.swift; path = MainScreen.swift; sourceTree = "<group>"; };
		D9925E1327ABEB350054EEBC /* IphoneModelPicker ViewController.swift */ = {isa = PBXFileReference; lastKnownFileType = sourcecode.swift; path = "IphoneModelPicker ViewController.swift"; sourceTree = "<group>"; };
		D9925E1527ABEC5E0054EEBC /* IphoneModelPickerDelegate.swift */ = {isa = PBXFileReference; lastKnownFileType = sourcecode.swift; path = IphoneModelPickerDelegate.swift; sourceTree = "<group>"; };
		D9925E1927ABF3870054EEBC /* IphoneModelPicker.swift */ = {isa = PBXFileReference; lastKnownFileType = sourcecode.swift; path = IphoneModelPicker.swift; sourceTree = "<group>"; };
		D9925E1B27ABF66A0054EEBC /* IphoneModelPickerViewController + UIPickerVIewDataSource.swift */ = {isa = PBXFileReference; lastKnownFileType = sourcecode.swift; path = "IphoneModelPickerViewController + UIPickerVIewDataSource.swift"; sourceTree = "<group>"; };
		D9925E1D27ABF6FA0054EEBC /* IphoneModelPickerViewController + UIPickerVIewDelegate.swift */ = {isa = PBXFileReference; lastKnownFileType = sourcecode.swift; path = "IphoneModelPickerViewController + UIPickerVIewDelegate.swift"; sourceTree = "<group>"; };
		D9925E1F27ABF80E0054EEBC /* UserActionsDelegate.swift */ = {isa = PBXFileReference; lastKnownFileType = sourcecode.swift; path = UserActionsDelegate.swift; sourceTree = "<group>"; };
		D9925E2527AC36C10054EEBC /* ContentView.swift */ = {isa = PBXFileReference; lastKnownFileType = sourcecode.swift; path = ContentView.swift; sourceTree = "<group>"; };
		D9925E2727AC4CCC0054EEBC /* MainScreenContainerViewController.swift */ = {isa = PBXFileReference; lastKnownFileType = sourcecode.swift; path = MainScreenContainerViewController.swift; sourceTree = "<group>"; };
		D9925E2927AC52F90054EEBC /* MainScreenViewController + IphoneModelPickerDelegate.swift */ = {isa = PBXFileReference; lastKnownFileType = sourcecode.swift; path = "MainScreenViewController + IphoneModelPickerDelegate.swift"; sourceTree = "<group>"; };
		D99AEC7E27ACEDF200BD978D /* ModelColor.swift */ = {isa = PBXFileReference; lastKnownFileType = sourcecode.swift; path = ModelColor.swift; sourceTree = "<group>"; };
		D99AEC8027ACEEE900BD978D /* ModelName.swift */ = {isa = PBXFileReference; lastKnownFileType = sourcecode.swift; path = ModelName.swift; sourceTree = "<group>"; };
		D99AEC8627AD1B9100BD978D /* MainScreenContainerViewController + UserActionsDelegate.swift */ = {isa = PBXFileReference; lastKnownFileType = sourcecode.swift; path = "MainScreenContainerViewController + UserActionsDelegate.swift"; sourceTree = "<group>"; };
/* End PBXFileReference section */

/* Begin PBXFrameworksBuildPhase section */
		D9925DF727ABE2D10054EEBC /* Frameworks */ = {
			isa = PBXFrameworksBuildPhase;
			buildActionMask = 2147483647;
			files = (
			);
			runOnlyForDeploymentPostprocessing = 0;
		};
/* End PBXFrameworksBuildPhase section */

/* Begin PBXGroup section */
		D9925DF127ABE2D10054EEBC = {
			isa = PBXGroup;
			children = (
				D9925DFC27ABE2D10054EEBC /* ChoosingAniPhoneModelApp */,
				D9925DFB27ABE2D10054EEBC /* Products */,
			);
			sourceTree = "<group>";
		};
		D9925DFB27ABE2D10054EEBC /* Products */ = {
			isa = PBXGroup;
			children = (
				D9925DFA27ABE2D10054EEBC /* ChoosingAniPhoneModelApp.app */,
			);
			name = Products;
			sourceTree = "<group>";
		};
		D9925DFC27ABE2D10054EEBC /* ChoosingAniPhoneModelApp */ = {
			isa = PBXGroup;
			children = (
				D9925DFD27ABE2D10054EEBC /* AppDelegate.swift */,
				D9925DFF27ABE2D10054EEBC /* SceneDelegate.swift */,
				D9925E0627ABE2D10054EEBC /* Assets.xcassets */,
				D9925E0827ABE2D10054EEBC /* LaunchScreen.storyboard */,
				D9925E0B27ABE2D10054EEBC /* Info.plist */,
				D99AEC8827AD269200BD978D /* MainScreenContainerViewController */,
				D9925E1827ABEEE10054EEBC /* MainScreen */,
				D9925E1727ABEEC50054EEBC /* IphoneModelPicker */,
			);
			path = ChoosingAniPhoneModelApp;
			sourceTree = "<group>";
		};
		D9925E1727ABEEC50054EEBC /* IphoneModelPicker */ = {
			isa = PBXGroup;
			children = (
				D9925E2F27AC7B520054EEBC /* Controller */,
				D9925E1927ABF3870054EEBC /* IphoneModelPicker.swift */,
				D9925E1527ABEC5E0054EEBC /* IphoneModelPickerDelegate.swift */,
				D99AEC7E27ACEDF200BD978D /* ModelColor.swift */,
				D99AEC8027ACEEE900BD978D /* ModelName.swift */,
			);
			path = IphoneModelPicker;
			sourceTree = "<group>";
		};
		D9925E1827ABEEE10054EEBC /* MainScreen */ = {
			isa = PBXGroup;
			children = (
				D9925E2427AC368E0054EEBC /* Content */,
				D9925E3027AC7B890054EEBC /* Controller */,
				D9925E1F27ABF80E0054EEBC /* UserActionsDelegate.swift */,
			);
			path = MainScreen;
			sourceTree = "<group>";
		};
		D9925E2427AC368E0054EEBC /* Content */ = {
			isa = PBXGroup;
			children = (
				D9925E1127ABE39C0054EEBC /* MainScreen.swift */,
				D9925E2527AC36C10054EEBC /* ContentView.swift */,
			);
			path = Content;
			sourceTree = "<group>";
		};
		D9925E2F27AC7B520054EEBC /* Controller */ = {
			isa = PBXGroup;
			children = (
				D9925E1327ABEB350054EEBC /* IphoneModelPicker ViewController.swift */,
				D9925E1B27ABF66A0054EEBC /* IphoneModelPickerViewController + UIPickerVIewDataSource.swift */,
				D9925E1D27ABF6FA0054EEBC /* IphoneModelPickerViewController + UIPickerVIewDelegate.swift */,
			);
			path = Controller;
			sourceTree = "<group>";
		};
		D9925E3027AC7B890054EEBC /* Controller */ = {
			isa = PBXGroup;
			children = (
				D9925E0127ABE2D10054EEBC /* MainScreenViewController.swift */,
				D9925E2927AC52F90054EEBC /* MainScreenViewController + IphoneModelPickerDelegate.swift */,
			);
			path = Controller;
			sourceTree = "<group>";
		};
		D99AEC8827AD269200BD978D /* MainScreenContainerViewController */ = {
			isa = PBXGroup;
			children = (
				D9925E2727AC4CCC0054EEBC /* MainScreenContainerViewController.swift */,
				D99AEC8627AD1B9100BD978D /* MainScreenContainerViewController + UserActionsDelegate.swift */,
			);
			path = MainScreenContainerViewController;
			sourceTree = "<group>";
		};
/* End PBXGroup section */

/* Begin PBXNativeTarget section */
		D9925DF927ABE2D10054EEBC /* ChoosingAniPhoneModelApp */ = {
			isa = PBXNativeTarget;
			buildConfigurationList = D9925E0E27ABE2D10054EEBC /* Build configuration list for PBXNativeTarget "ChoosingAniPhoneModelApp" */;
			buildPhases = (
				D9925DF627ABE2D10054EEBC /* Sources */,
				D9925DF727ABE2D10054EEBC /* Frameworks */,
				D9925DF827ABE2D10054EEBC /* Resources */,
			);
			buildRules = (
			);
			dependencies = (
			);
			name = ChoosingAniPhoneModelApp;
			productName = ChoosingAniPhoneModelApp;
			productReference = D9925DFA27ABE2D10054EEBC /* ChoosingAniPhoneModelApp.app */;
			productType = "com.apple.product-type.application";
		};
/* End PBXNativeTarget section */

/* Begin PBXProject section */
		D9925DF227ABE2D10054EEBC /* Project object */ = {
			isa = PBXProject;
			attributes = {
				BuildIndependentTargetsInParallel = 1;
				LastSwiftUpdateCheck = 1320;
				LastUpgradeCheck = 1320;
				TargetAttributes = {
					D9925DF927ABE2D10054EEBC = {
						CreatedOnToolsVersion = 13.2.1;
					};
				};
			};
			buildConfigurationList = D9925DF527ABE2D10054EEBC /* Build configuration list for PBXProject "ChoosingAniPhoneModelApp" */;
			compatibilityVersion = "Xcode 13.0";
			developmentRegion = en;
			hasScannedForEncodings = 0;
			knownRegions = (
				en,
				Base,
			);
			mainGroup = D9925DF127ABE2D10054EEBC;
			productRefGroup = D9925DFB27ABE2D10054EEBC /* Products */;
			projectDirPath = "";
			projectRoot = "";
			targets = (
				D9925DF927ABE2D10054EEBC /* ChoosingAniPhoneModelApp */,
			);
		};
/* End PBXProject section */

/* Begin PBXResourcesBuildPhase section */
		D9925DF827ABE2D10054EEBC /* Resources */ = {
			isa = PBXResourcesBuildPhase;
			buildActionMask = 2147483647;
			files = (
				D9925E0A27ABE2D10054EEBC /* LaunchScreen.storyboard in Resources */,
				D9925E0727ABE2D10054EEBC /* Assets.xcassets in Resources */,
			);
			runOnlyForDeploymentPostprocessing = 0;
		};
/* End PBXResourcesBuildPhase section */

/* Begin PBXSourcesBuildPhase section */
		D9925DF627ABE2D10054EEBC /* Sources */ = {
			isa = PBXSourcesBuildPhase;
			buildActionMask = 2147483647;
			files = (
				D9925E1427ABEB350054EEBC /* IphoneModelPicker ViewController.swift in Sources */,
				D9925E1A27ABF3870054EEBC /* IphoneModelPicker.swift in Sources */,
				D9925E0227ABE2D10054EEBC /* MainScreenViewController.swift in Sources */,
				D99AEC8727AD1B9100BD978D /* MainScreenContainerViewController + UserActionsDelegate.swift in Sources */,
				D9925E2627AC36C10054EEBC /* ContentView.swift in Sources */,
				D9925DFE27ABE2D10054EEBC /* AppDelegate.swift in Sources */,
				D9925E1227ABE39C0054EEBC /* MainScreen.swift in Sources */,
				D9925E1627ABEC5E0054EEBC /* IphoneModelPickerDelegate.swift in Sources */,
				D9925E0027ABE2D10054EEBC /* SceneDelegate.swift in Sources */,
				D9925E2027ABF80E0054EEBC /* UserActionsDelegate.swift in Sources */,
				D9925E1E27ABF6FA0054EEBC /* IphoneModelPickerViewController + UIPickerVIewDelegate.swift in Sources */,
				D9925E2A27AC52F90054EEBC /* MainScreenViewController + IphoneModelPickerDelegate.swift in Sources */,
				D99AEC8127ACEEE900BD978D /* ModelName.swift in Sources */,
				D99AEC7F27ACEDF200BD978D /* ModelColor.swift in Sources */,
				D9925E2827AC4CCC0054EEBC /* MainScreenContainerViewController.swift in Sources */,
				D9925E1C27ABF66A0054EEBC /* IphoneModelPickerViewController + UIPickerVIewDataSource.swift in Sources */,
			);
			runOnlyForDeploymentPostprocessing = 0;
		};
/* End PBXSourcesBuildPhase section */

/* Begin PBXVariantGroup section */
		D9925E0827ABE2D10054EEBC /* LaunchScreen.storyboard */ = {
			isa = PBXVariantGroup;
			children = (
				D9925E0927ABE2D10054EEBC /* Base */,
			);
			name = LaunchScreen.storyboard;
			sourceTree = "<group>";
		};
/* End PBXVariantGroup section */

/* Begin XCBuildConfiguration section */
		D9925E0C27ABE2D10054EEBC /* Debug */ = {
			isa = XCBuildConfiguration;
			buildSettings = {
				ALWAYS_SEARCH_USER_PATHS = NO;
				CLANG_ANALYZER_NONNULL = YES;
				CLANG_ANALYZER_NUMBER_OBJECT_CONVERSION = YES_AGGRESSIVE;
				CLANG_CXX_LANGUAGE_STANDARD = "gnu++17";
				CLANG_CXX_LIBRARY = "libc++";
				CLANG_ENABLE_MODULES = YES;
				CLANG_ENABLE_OBJC_ARC = YES;
				CLANG_ENABLE_OBJC_WEAK = YES;
				CLANG_WARN_BLOCK_CAPTURE_AUTORELEASING = YES;
				CLANG_WARN_BOOL_CONVERSION = YES;
				CLANG_WARN_COMMA = YES;
				CLANG_WARN_CONSTANT_CONVERSION = YES;
				CLANG_WARN_DEPRECATED_OBJC_IMPLEMENTATIONS = YES;
				CLANG_WARN_DIRECT_OBJC_ISA_USAGE = YES_ERROR;
				CLANG_WARN_DOCUMENTATION_COMMENTS = YES;
				CLANG_WARN_EMPTY_BODY = YES;
				CLANG_WARN_ENUM_CONVERSION = YES;
				CLANG_WARN_INFINITE_RECURSION = YES;
				CLANG_WARN_INT_CONVERSION = YES;
				CLANG_WARN_NON_LITERAL_NULL_CONVERSION = YES;
				CLANG_WARN_OBJC_IMPLICIT_RETAIN_SELF = YES;
				CLANG_WARN_OBJC_LITERAL_CONVERSION = YES;
				CLANG_WARN_OBJC_ROOT_CLASS = YES_ERROR;
				CLANG_WARN_QUOTED_INCLUDE_IN_FRAMEWORK_HEADER = YES;
				CLANG_WARN_RANGE_LOOP_ANALYSIS = YES;
				CLANG_WARN_STRICT_PROTOTYPES = YES;
				CLANG_WARN_SUSPICIOUS_MOVE = YES;
				CLANG_WARN_UNGUARDED_AVAILABILITY = YES_AGGRESSIVE;
				CLANG_WARN_UNREACHABLE_CODE = YES;
				CLANG_WARN__DUPLICATE_METHOD_MATCH = YES;
				COPY_PHASE_STRIP = NO;
				DEBUG_INFORMATION_FORMAT = dwarf;
				ENABLE_STRICT_OBJC_MSGSEND = YES;
				ENABLE_TESTABILITY = YES;
				GCC_C_LANGUAGE_STANDARD = gnu11;
				GCC_DYNAMIC_NO_PIC = NO;
				GCC_NO_COMMON_BLOCKS = YES;
				GCC_OPTIMIZATION_LEVEL = 0;
				GCC_PREPROCESSOR_DEFINITIONS = (
					"DEBUG=1",
					"$(inherited)",
				);
				GCC_WARN_64_TO_32_BIT_CONVERSION = YES;
				GCC_WARN_ABOUT_RETURN_TYPE = YES_ERROR;
				GCC_WARN_UNDECLARED_SELECTOR = YES;
				GCC_WARN_UNINITIALIZED_AUTOS = YES_AGGRESSIVE;
				GCC_WARN_UNUSED_FUNCTION = YES;
				GCC_WARN_UNUSED_VARIABLE = YES;
				IPHONEOS_DEPLOYMENT_TARGET = 15.2;
				MTL_ENABLE_DEBUG_INFO = INCLUDE_SOURCE;
				MTL_FAST_MATH = YES;
				ONLY_ACTIVE_ARCH = YES;
				SDKROOT = iphoneos;
				SWIFT_ACTIVE_COMPILATION_CONDITIONS = DEBUG;
				SWIFT_OPTIMIZATION_LEVEL = "-Onone";
			};
			name = Debug;
		};
		D9925E0D27ABE2D10054EEBC /* Release */ = {
			isa = XCBuildConfiguration;
			buildSettings = {
				ALWAYS_SEARCH_USER_PATHS = NO;
				CLANG_ANALYZER_NONNULL = YES;
				CLANG_ANALYZER_NUMBER_OBJECT_CONVERSION = YES_AGGRESSIVE;
				CLANG_CXX_LANGUAGE_STANDARD = "gnu++17";
				CLANG_CXX_LIBRARY = "libc++";
				CLANG_ENABLE_MODULES = YES;
				CLANG_ENABLE_OBJC_ARC = YES;
				CLANG_ENABLE_OBJC_WEAK = YES;
				CLANG_WARN_BLOCK_CAPTURE_AUTORELEASING = YES;
				CLANG_WARN_BOOL_CONVERSION = YES;
				CLANG_WARN_COMMA = YES;
				CLANG_WARN_CONSTANT_CONVERSION = YES;
				CLANG_WARN_DEPRECATED_OBJC_IMPLEMENTATIONS = YES;
				CLANG_WARN_DIRECT_OBJC_ISA_USAGE = YES_ERROR;
				CLANG_WARN_DOCUMENTATION_COMMENTS = YES;
				CLANG_WARN_EMPTY_BODY = YES;
				CLANG_WARN_ENUM_CONVERSION = YES;
				CLANG_WARN_INFINITE_RECURSION = YES;
				CLANG_WARN_INT_CONVERSION = YES;
				CLANG_WARN_NON_LITERAL_NULL_CONVERSION = YES;
				CLANG_WARN_OBJC_IMPLICIT_RETAIN_SELF = YES;
				CLANG_WARN_OBJC_LITERAL_CONVERSION = YES;
				CLANG_WARN_OBJC_ROOT_CLASS = YES_ERROR;
				CLANG_WARN_QUOTED_INCLUDE_IN_FRAMEWORK_HEADER = YES;
				CLANG_WARN_RANGE_LOOP_ANALYSIS = YES;
				CLANG_WARN_STRICT_PROTOTYPES = YES;
				CLANG_WARN_SUSPICIOUS_MOVE = YES;
				CLANG_WARN_UNGUARDED_AVAILABILITY = YES_AGGRESSIVE;
				CLANG_WARN_UNREACHABLE_CODE = YES;
				CLANG_WARN__DUPLICATE_METHOD_MATCH = YES;
				COPY_PHASE_STRIP = NO;
				DEBUG_INFORMATION_FORMAT = "dwarf-with-dsym";
				ENABLE_NS_ASSERTIONS = NO;
				ENABLE_STRICT_OBJC_MSGSEND = YES;
				GCC_C_LANGUAGE_STANDARD = gnu11;
				GCC_NO_COMMON_BLOCKS = YES;
				GCC_WARN_64_TO_32_BIT_CONVERSION = YES;
				GCC_WARN_ABOUT_RETURN_TYPE = YES_ERROR;
				GCC_WARN_UNDECLARED_SELECTOR = YES;
				GCC_WARN_UNINITIALIZED_AUTOS = YES_AGGRESSIVE;
				GCC_WARN_UNUSED_FUNCTION = YES;
				GCC_WARN_UNUSED_VARIABLE = YES;
				IPHONEOS_DEPLOYMENT_TARGET = 15.2;
				MTL_ENABLE_DEBUG_INFO = NO;
				MTL_FAST_MATH = YES;
				SDKROOT = iphoneos;
				SWIFT_COMPILATION_MODE = wholemodule;
				SWIFT_OPTIMIZATION_LEVEL = "-O";
				VALIDATE_PRODUCT = YES;
			};
			name = Release;
		};
		D9925E0F27ABE2D10054EEBC /* Debug */ = {
			isa = XCBuildConfiguration;
			buildSettings = {
				ASSETCATALOG_COMPILER_APPICON_NAME = AppIcon;
				ASSETCATALOG_COMPILER_GLOBAL_ACCENT_COLOR_NAME = AccentColor;
				CODE_SIGN_STYLE = Automatic;
				CURRENT_PROJECT_VERSION = 1;
				GENERATE_INFOPLIST_FILE = YES;
				INFOPLIST_FILE = ChoosingAniPhoneModelApp/Info.plist;
				INFOPLIST_KEY_UIApplicationSupportsIndirectInputEvents = YES;
				INFOPLIST_KEY_UILaunchStoryboardName = LaunchScreen;
				INFOPLIST_KEY_UISupportedInterfaceOrientations_iPad = "UIInterfaceOrientationPortrait UIInterfaceOrientationPortraitUpsideDown UIInterfaceOrientationLandscapeLeft UIInterfaceOrientationLandscapeRight";
				INFOPLIST_KEY_UISupportedInterfaceOrientations_iPhone = "UIInterfaceOrientationPortrait UIInterfaceOrientationLandscapeLeft UIInterfaceOrientationLandscapeRight";
				LD_RUNPATH_SEARCH_PATHS = (
					"$(inherited)",
					"@executable_path/Frameworks",
				);
				MARKETING_VERSION = 1.0;
				PRODUCT_BUNDLE_IDENTIFIER = DmSt.ChoosingAniPhoneModelApp;
				PRODUCT_NAME = "$(TARGET_NAME)";
				SWIFT_EMIT_LOC_STRINGS = YES;
				SWIFT_VERSION = 5.0;
				TARGETED_DEVICE_FAMILY = "1,2";
			};
			name = Debug;
		};
		D9925E1027ABE2D10054EEBC /* Release */ = {
			isa = XCBuildConfiguration;
			buildSettings = {
				ASSETCATALOG_COMPILER_APPICON_NAME = AppIcon;
				ASSETCATALOG_COMPILER_GLOBAL_ACCENT_COLOR_NAME = AccentColor;
				CODE_SIGN_STYLE = Automatic;
				CURRENT_PROJECT_VERSION = 1;
				GENERATE_INFOPLIST_FILE = YES;
				INFOPLIST_FILE = ChoosingAniPhoneModelApp/Info.plist;
				INFOPLIST_KEY_UIApplicationSupportsIndirectInputEvents = YES;
				INFOPLIST_KEY_UILaunchStoryboardName = LaunchScreen;
				INFOPLIST_KEY_UISupportedInterfaceOrientations_iPad = "UIInterfaceOrientationPortrait UIInterfaceOrientationPortraitUpsideDown UIInterfaceOrientationLandscapeLeft UIInterfaceOrientationLandscapeRight";
				INFOPLIST_KEY_UISupportedInterfaceOrientations_iPhone = "UIInterfaceOrientationPortrait UIInterfaceOrientationLandscapeLeft UIInterfaceOrientationLandscapeRight";
				LD_RUNPATH_SEARCH_PATHS = (
					"$(inherited)",
					"@executable_path/Frameworks",
				);
				MARKETING_VERSION = 1.0;
				PRODUCT_BUNDLE_IDENTIFIER = DmSt.ChoosingAniPhoneModelApp;
				PRODUCT_NAME = "$(TARGET_NAME)";
				SWIFT_EMIT_LOC_STRINGS = YES;
				SWIFT_VERSION = 5.0;
				TARGETED_DEVICE_FAMILY = "1,2";
			};
			name = Release;
		};
/* End XCBuildConfiguration section */

/* Begin XCConfigurationList section */
		D9925DF527ABE2D10054EEBC /* Build configuration list for PBXProject "ChoosingAniPhoneModelApp" */ = {
			isa = XCConfigurationList;
			buildConfigurations = (
				D9925E0C27ABE2D10054EEBC /* Debug */,
				D9925E0D27ABE2D10054EEBC /* Release */,
			);
			defaultConfigurationIsVisible = 0;
			defaultConfigurationName = Release;
		};
		D9925E0E27ABE2D10054EEBC /* Build configuration list for PBXNativeTarget "ChoosingAniPhoneModelApp" */ = {
			isa = XCConfigurationList;
			buildConfigurations = (
				D9925E0F27ABE2D10054EEBC /* Debug */,
				D9925E1027ABE2D10054EEBC /* Release */,
			);
			defaultConfigurationIsVisible = 0;
			defaultConfigurationName = Release;
		};
/* End XCConfigurationList section */
	};
	rootObject = D9925DF227ABE2D10054EEBC /* Project object */;
}
